PODS:
  - CLFoundation (0.0.1)
  - CLOrder (0.0.1):
    - CLFoundation

DEPENDENCIES:
  - CLFoundation (from `./MyModules/CLFoundation/`)
  - CLOrder (from `./MyModules/CLOrder/`)

EXTERNAL SOURCES:
  CLFoundation:
    :path: "./MyModules/CLFoundation/"
  CLOrder:
    :path: "./MyModules/CLOrder/"

SPEC CHECKSUMS:
  CLFoundation: b994276fedc8301e1452f8062345450bac0e4a81
  CLOrder: 1e74284bc573d4919b3029b6c39221d8afe9feda

PODFILE CHECKSUM: f220658c654260b472fd6f9bd839015d00d51b5d

COCOAPODS: 1.9.3
