// !$*UTF8*$!
{
	archiveVersion = 1;
	classes = {
	};
	objectVersion = 51;
	objects = {

/* Begin PBXBuildFile section */
		624B224B6DBA3B82DD96E88E /* Pods_MoudleFirst.framework in Frameworks */ = {isa = PBXBuildFile; fileRef = 10ED91BACE67F205C62897A5 /* Pods_MoudleFirst.framework */; };
		C45C988024E4F56900927C01 /* AppDelegate.m in Sources */ = {isa = PBXBuildFile; fileRef = C45C987F24E4F56900927C01 /* AppDelegate.m */; };
		C45C988324E4F56900927C01 /* SceneDelegate.m in Sources */ = {isa = PBXBuildFile; fileRef = C45C988224E4F56900927C01 /* SceneDelegate.m */; };
		C45C988624E4F56900927C01 /* ViewController.m in Sources */ = {isa = PBXBuildFile; fileRef = C45C988524E4F56900927C01 /* ViewController.m */; };
		C45C988924E4F56900927C01 /* Main.storyboard in Resources */ = {isa = PBXBuildFile; fileRef = C45C988724E4F56900927C01 /* Main.storyboard */; };
		C45C988B24E4F56B00927C01 /* Assets.xcassets in Resources */ = {isa = PBXBuildFile; fileRef = C45C988A24E4F56B00927C01 /* Assets.xcassets */; };
		C45C988E24E4F56B00927C01 /* LaunchScreen.storyboard in Resources */ = {isa = PBXBuildFile; fileRef = C45C988C24E4F56B00927C01 /* LaunchScreen.storyboard */; };
		C45C989124E4F56B00927C01 /* main.m in Sources */ = {isa = PBXBuildFile; fileRef = C45C989024E4F56B00927C01 /* main.m */; };
/* End PBXBuildFile section */

/* Begin PBXFileReference section */
		10ED91BACE67F205C62897A5 /* Pods_MoudleFirst.framework */ = {isa = PBXFileReference; explicitFileType = wrapper.framework; includeInIndex = 0; path = Pods_MoudleFirst.framework; sourceTree = BUILT_PRODUCTS_DIR; };
		560E4837F5AFEC63123F65BC /* Pods-MoudleFirst.debug.xcconfig */ = {isa = PBXFileReference; includeInIndex = 1; lastKnownFileType = text.xcconfig; name = "Pods-MoudleFirst.debug.xcconfig"; path = "Target Support Files/Pods-MoudleFirst/Pods-MoudleFirst.debug.xcconfig"; sourceTree = "<group>"; };
		AE55D522345E4C39AE5AEDA9 /* Pods-MoudleFirst.release.xcconfig */ = {isa = PBXFileReference; includeInIndex = 1; lastKnownFileType = text.xcconfig; name = "Pods-MoudleFirst.release.xcconfig"; path = "Target Support Files/Pods-MoudleFirst/Pods-MoudleFirst.release.xcconfig"; sourceTree = "<group>"; };
		C45C987B24E4F56900927C01 /* MoudleFirst.app */ = {isa = PBXFileReference; explicitFileType = wrapper.application; includeInIndex = 0; path = MoudleFirst.app; sourceTree = BUILT_PRODUCTS_DIR; };
		C45C987E24E4F56900927C01 /* AppDelegate.h */ = {isa = PBXFileReference; lastKnownFileType = sourcecode.c.h; path = AppDelegate.h; sourceTree = "<group>"; };
		C45C987F24E4F56900927C01 /* AppDelegate.m */ = {isa = PBXFileReference; lastKnownFileType = sourcecode.c.objc; path = AppDelegate.m; sourceTree = "<group>"; };
		C45C988124E4F56900927C01 /* SceneDelegate.h */ = {isa = PBXFileReference; lastKnownFileType = sourcecode.c.h; path = SceneDelegate.h; sourceTree = "<group>"; };
		C45C988224E4F56900927C01 /* SceneDelegate.m */ = {isa = PBXFileReference; lastKnownFileType = sourcecode.c.objc; path = SceneDelegate.m; sourceTree = "<group>"; };
		C45C988424E4F56900927C01 /* ViewController.h */ = {isa = PBXFileReference; lastKnownFileType = sourcecode.c.h; path = ViewController.h; sourceTree = "<group>"; };
		C45C988524E4F56900927C01 /* ViewController.m */ = {isa = PBXFileReference; lastKnownFileType = sourcecode.c.objc; path = ViewController.m; sourceTree = "<group>"; };
		C45C988824E4F56900927C01 /* Base */ = {isa = PBXFileReference; lastKnownFileType = file.storyboard; name = Base; path = Base.lproj/Main.storyboard; sourceTree = "<group>"; };
		C45C988A24E4F56B00927C01 /* Assets.xcassets */ = {isa = PBXFileReference; lastKnownFileType = folder.assetcatalog; path = Assets.xcassets; sourceTree = "<group>"; };
		C45C988D24E4F56B00927C01 /* Base */ = {isa = PBXFileReference; lastKnownFileType = file.storyboard; name = Base; path = Base.lproj/LaunchScreen.storyboard; sourceTree = "<group>"; };
		C45C988F24E4F56B00927C01 /* Info.plist */ = {isa = PBXFileReference; lastKnownFileType = text.plist.xml; path = Info.plist; sourceTree = "<group>"; };
		C45C989024E4F56B00927C01 /* main.m */ = {isa = PBXFileReference; lastKnownFileType = sourcecode.c.objc; path = main.m; sourceTree = "<group>"; };
/* End PBXFileReference section */

/* Begin PBXFrameworksBuildPhase section */
		C45C987824E4F56900927C01 /* Frameworks */ = {
			isa = PBXFrameworksBuildPhase;
			buildActionMask = 2147483647;
			files = (
				624B224B6DBA3B82DD96E88E /* Pods_MoudleFirst.framework in Frameworks */,
			);
			runOnlyForDeploymentPostprocessing = 0;
		};
/* End PBXFrameworksBuildPhase section */

/* Begin PBXGroup section */
		914B51346BF7C44CDEEF8180 /* Pods */ = {
			isa = PBXGroup;
			children = (
				560E4837F5AFEC63123F65BC /* Pods-MoudleFirst.debug.xcconfig */,
				AE55D522345E4C39AE5AEDA9 /* Pods-MoudleFirst.release.xcconfig */,
			);
			path = Pods;
			sourceTree = "<group>";
		};
		9DBAA949E7D5475E88C90DE8 /* Frameworks */ = {
			isa = PBXGroup;
			children = (
				10ED91BACE67F205C62897A5 /* Pods_MoudleFirst.framework */,
			);
			name = Frameworks;
			sourceTree = "<group>";
		};
		C45C987224E4F56900927C01 = {
			isa = PBXGroup;
			children = (
				C45C987D24E4F56900927C01 /* MoudleFirst */,
				C45C987C24E4F56900927C01 /* Products */,
				914B51346BF7C44CDEEF8180 /* Pods */,
				9DBAA949E7D5475E88C90DE8 /* Frameworks */,
			);
			sourceTree = "<group>";
		};
		C45C987C24E4F56900927C01 /* Products */ = {
			isa = PBXGroup;
			children = (
				C45C987B24E4F56900927C01 /* MoudleFirst.app */,
			);
			name = Products;
			sourceTree = "<group>";
		};
		C45C987D24E4F56900927C01 /* MoudleFirst */ = {
			isa = PBXGroup;
			children = (
				C45C987E24E4F56900927C01 /* AppDelegate.h */,
				C45C987F24E4F56900927C01 /* AppDelegate.m */,
				C45C988124E4F56900927C01 /* SceneDelegate.h */,
				C45C988224E4F56900927C01 /* SceneDelegate.m */,
				C45C988424E4F56900927C01 /* ViewController.h */,
				C45C988524E4F56900927C01 /* ViewController.m */,
				C45C988724E4F56900927C01 /* Main.storyboard */,
				C45C988A24E4F56B00927C01 /* Assets.xcassets */,
				C45C988C24E4F56B00927C01 /* LaunchScreen.storyboard */,
				C45C988F24E4F56B00927C01 /* Info.plist */,
				C45C989024E4F56B00927C01 /* main.m */,
			);
			path = MoudleFirst;
			sourceTree = "<group>";
		};
/* End PBXGroup section */

/* Begin PBXNativeTarget section */
		C45C987A24E4F56900927C01 /* MoudleFirst */ = {
			isa = PBXNativeTarget;
			buildConfigurationList = C45C989424E4F56B00927C01 /* Build configuration list for PBXNativeTarget "MoudleFirst" */;
			buildPhases = (
				71C0A53F27C1989D3069961A /* [CP] Check Pods Manifest.lock */,
				C45C987724E4F56900927C01 /* Sources */,
				C45C987824E4F56900927C01 /* Frameworks */,
				C45C987924E4F56900927C01 /* Resources */,
				95A6409740ABE70FB9294A90 /* [CP] Embed Pods Frameworks */,
			);
			buildRules = (
			);
			dependencies = (
			);
			name = MoudleFirst;
			productName = MoudleFirst;
			productReference = C45C987B24E4F56900927C01 /* MoudleFirst.app */;
			productType = "com.apple.product-type.application";
		};
/* End PBXNativeTarget section */

/* Begin PBXProject section */
		C45C987324E4F56900927C01 /* Project object */ = {
			isa = PBXProject;
			attributes = {
				LastUpgradeCheck = 1130;
				ORGANIZATIONNAME = "曹龙";
				TargetAttributes = {
					C45C987A24E4F56900927C01 = {
						CreatedOnToolsVersion = 11.3.1;
					};
				};
			};
			buildConfigurationList = C45C987624E4F56900927C01 /* Build configuration list for PBXProject "MoudleFirst" */;
			compatibilityVersion = "Xcode 9.3";
			developmentRegion = en;
			hasScannedForEncodings = 0;
			knownRegions = (
				en,
				Base,
			);
			mainGroup = C45C987224E4F56900927C01;
			productRefGroup = C45C987C24E4F56900927C01 /* Products */;
			projectDirPath = "";
			projectRoot = "";
			targets = (
				C45C987A24E4F56900927C01 /* MoudleFirst */,
			);
		};
/* End PBXProject section */

/* Begin PBXResourcesBuildPhase section */
		C45C987924E4F56900927C01 /* Resources */ = {
			isa = PBXResourcesBuildPhase;
			buildActionMask = 2147483647;
			files = (
				C45C988E24E4F56B00927C01 /* LaunchScreen.storyboard in Resources */,
				C45C988B24E4F56B00927C01 /* Assets.xcassets in Resources */,
				C45C988924E4F56900927C01 /* Main.storyboard in Resources */,
			);
			runOnlyForDeploymentPostprocessing = 0;
		};
/* End PBXResourcesBuildPhase section */

/* Begin PBXShellScriptBuildPhase section */
		71C0A53F27C1989D3069961A /* [CP] Check Pods Manifest.lock */ = {
			isa = PBXShellScriptBuildPhase;
			buildActionMask = 2147483647;
			files = (
			);
			inputFileListPaths = (
			);
			inputPaths = (
				"${PODS_PODFILE_DIR_PATH}/Podfile.lock",
				"${PODS_ROOT}/Manifest.lock",
			);
			name = "[CP] Check Pods Manifest.lock";
			outputFileListPaths = (
			);
			outputPaths = (
				"$(DERIVED_FILE_DIR)/Pods-MoudleFirst-checkManifestLockResult.txt",
			);
			runOnlyForDeploymentPostprocessing = 0;
			shellPath = /bin/sh;
			shellScript = "diff \"${PODS_PODFILE_DIR_PATH}/Podfile.lock\" \"${PODS_ROOT}/Manifest.lock\" > /dev/null\nif [ $? != 0 ] ; then\n    # print error to STDERR\n    echo \"error: The sandbox is not in sync with the Podfile.lock. Run 'pod install' or update your CocoaPods installation.\" >&2\n    exit 1\nfi\n# This output is used by Xcode 'outputs' to avoid re-running this script phase.\necho \"SUCCESS\" > \"${SCRIPT_OUTPUT_FILE_0}\"\n";
			showEnvVarsInLog = 0;
		};
		95A6409740ABE70FB9294A90 /* [CP] Embed Pods Frameworks */ = {
			isa = PBXShellScriptBuildPhase;
			buildActionMask = 2147483647;
			files = (
			);
			inputFileListPaths = (
				"${PODS_ROOT}/Target Support Files/Pods-MoudleFirst/Pods-MoudleFirst-frameworks-${CONFIGURATION}-input-files.xcfilelist",
			);
			name = "[CP] Embed Pods Frameworks";
			outputFileListPaths = (
				"${PODS_ROOT}/Target Support Files/Pods-MoudleFirst/Pods-MoudleFirst-frameworks-${CONFIGURATION}-output-files.xcfilelist",
			);
			runOnlyForDeploymentPostprocessing = 0;
			shellPath = /bin/sh;
			shellScript = "\"${PODS_ROOT}/Target Support Files/Pods-MoudleFirst/Pods-MoudleFirst-frameworks.sh\"\n";
			showEnvVarsInLog = 0;
		};
/* End PBXShellScriptBuildPhase section */

/* Begin PBXSourcesBuildPhase section */
		C45C987724E4F56900927C01 /* Sources */ = {
			isa = PBXSourcesBuildPhase;
			buildActionMask = 2147483647;
			files = (
				C45C988624E4F56900927C01 /* ViewController.m in Sources */,
				C45C988024E4F56900927C01 /* AppDelegate.m in Sources */,
				C45C989124E4F56B00927C01 /* main.m in Sources */,
				C45C988324E4F56900927C01 /* SceneDelegate.m in Sources */,
			);
			runOnlyForDeploymentPostprocessing = 0;
		};
/* End PBXSourcesBuildPhase section */

/* Begin PBXVariantGroup section */
		C45C988724E4F56900927C01 /* Main.storyboard */ = {
			isa = PBXVariantGroup;
			children = (
				C45C988824E4F56900927C01 /* Base */,
			);
			name = Main.storyboard;
			sourceTree = "<group>";
		};
		C45C988C24E4F56B00927C01 /* LaunchScreen.storyboard */ = {
			isa = PBXVariantGroup;
			children = (
				C45C988D24E4F56B00927C01 /* Base */,
			);
			name = LaunchScreen.storyboard;
			sourceTree = "<group>";
		};
/* End PBXVariantGroup section */

/* Begin XCBuildConfiguration section */
		C45C989224E4F56B00927C01 /* Debug */ = {
			isa = XCBuildConfiguration;
			buildSettings = {
				ALWAYS_SEARCH_USER_PATHS = NO;
				CLANG_ANALYZER_NONNULL = YES;
				CLANG_ANALYZER_NUMBER_OBJECT_CONVERSION = YES_AGGRESSIVE;
				CLANG_CXX_LANGUAGE_STANDARD = "gnu++14";
				CLANG_CXX_LIBRARY = "libc++";
				CLANG_ENABLE_MODULES = YES;
				CLANG_ENABLE_OBJC_ARC = YES;
				CLANG_ENABLE_OBJC_WEAK = YES;
				CLANG_WARN_BLOCK_CAPTURE_AUTORELEASING = YES;
				CLANG_WARN_BOOL_CONVERSION = YES;
				CLANG_WARN_COMMA = YES;
				CLANG_WARN_CONSTANT_CONVERSION = YES;
				CLANG_WARN_DEPRECATED_OBJC_IMPLEMENTATIONS = YES;
				CLANG_WARN_DIRECT_OBJC_ISA_USAGE = YES_ERROR;
				CLANG_WARN_DOCUMENTATION_COMMENTS = YES;
				CLANG_WARN_EMPTY_BODY = YES;
				CLANG_WARN_ENUM_CONVERSION = YES;
				CLANG_WARN_INFINITE_RECURSION = YES;
				CLANG_WARN_INT_CONVERSION = YES;
				CLANG_WARN_NON_LITERAL_NULL_CONVERSION = YES;
				CLANG_WARN_OBJC_IMPLICIT_RETAIN_SELF = YES;
				CLANG_WARN_OBJC_LITERAL_CONVERSION = YES;
				CLANG_WARN_OBJC_ROOT_CLASS = YES_ERROR;
				CLANG_WARN_RANGE_LOOP_ANALYSIS = YES;
				CLANG_WARN_STRICT_PROTOTYPES = YES;
				CLANG_WARN_SUSPICIOUS_MOVE = YES;
				CLANG_WARN_UNGUARDED_AVAILABILITY = YES_AGGRESSIVE;
				CLANG_WARN_UNREACHABLE_CODE = YES;
				CLANG_WARN__DUPLICATE_METHOD_MATCH = YES;
				COPY_PHASE_STRIP = NO;
				DEBUG_INFORMATION_FORMAT = dwarf;
				ENABLE_STRICT_OBJC_MSGSEND = YES;
				ENABLE_TESTABILITY = YES;
				GCC_C_LANGUAGE_STANDARD = gnu11;
				GCC_DYNAMIC_NO_PIC = NO;
				GCC_NO_COMMON_BLOCKS = YES;
				GCC_OPTIMIZATION_LEVEL = 0;
				GCC_PREPROCESSOR_DEFINITIONS = (
					"DEBUG=1",
					"$(inherited)",
				);
				GCC_WARN_64_TO_32_BIT_CONVERSION = YES;
				GCC_WARN_ABOUT_RETURN_TYPE = YES_ERROR;
				GCC_WARN_UNDECLARED_SELECTOR = YES;
				GCC_WARN_UNINITIALIZED_AUTOS = YES_AGGRESSIVE;
				GCC_WARN_UNUSED_FUNCTION = YES;
				GCC_WARN_UNUSED_VARIABLE = YES;
				IPHONEOS_DEPLOYMENT_TARGET = 13.2;
				MTL_ENABLE_DEBUG_INFO = INCLUDE_SOURCE;
				MTL_FAST_MATH = YES;
				ONLY_ACTIVE_ARCH = YES;
				SDKROOT = iphoneos;
			};
			name = Debug;
		};
		C45C989324E4F56B00927C01 /* Release */ = {
			isa = XCBuildConfiguration;
			buildSettings = {
				ALWAYS_SEARCH_USER_PATHS = NO;
				CLANG_ANALYZER_NONNULL = YES;
				CLANG_ANALYZER_NUMBER_OBJECT_CONVERSION = YES_AGGRESSIVE;
				CLANG_CXX_LANGUAGE_STANDARD = "gnu++14";
				CLANG_CXX_LIBRARY = "libc++";
				CLANG_ENABLE_MODULES = YES;
				CLANG_ENABLE_OBJC_ARC = YES;
				CLANG_ENABLE_OBJC_WEAK = YES;
				CLANG_WARN_BLOCK_CAPTURE_AUTORELEASING = YES;
				CLANG_WARN_BOOL_CONVERSION = YES;
				CLANG_WARN_COMMA = YES;
				CLANG_WARN_CONSTANT_CONVERSION = YES;
				CLANG_WARN_DEPRECATED_OBJC_IMPLEMENTATIONS = YES;
				CLANG_WARN_DIRECT_OBJC_ISA_USAGE = YES_ERROR;
				CLANG_WARN_DOCUMENTATION_COMMENTS = YES;
				CLANG_WARN_EMPTY_BODY = YES;
				CLANG_WARN_ENUM_CONVERSION = YES;
				CLANG_WARN_INFINITE_RECURSION = YES;
				CLANG_WARN_INT_CONVERSION = YES;
				CLANG_WARN_NON_LITERAL_NULL_CONVERSION = YES;
				CLANG_WARN_OBJC_IMPLICIT_RETAIN_SELF = YES;
				CLANG_WARN_OBJC_LITERAL_CONVERSION = YES;
				CLANG_WARN_OBJC_ROOT_CLASS = YES_ERROR;
				CLANG_WARN_RANGE_LOOP_ANALYSIS = YES;
				CLANG_WARN_STRICT_PROTOTYPES = YES;
				CLANG_WARN_SUSPICIOUS_MOVE = YES;
				CLANG_WARN_UNGUARDED_AVAILABILITY = YES_AGGRESSIVE;
				CLANG_WARN_UNREACHABLE_CODE = YES;
				CLANG_WARN__DUPLICATE_METHOD_MATCH = YES;
				COPY_PHASE_STRIP = NO;
				DEBUG_INFORMATION_FORMAT = "dwarf-with-dsym";
				ENABLE_NS_ASSERTIONS = NO;
				ENABLE_STRICT_OBJC_MSGSEND = YES;
				GCC_C_LANGUAGE_STANDARD = gnu11;
				GCC_NO_COMMON_BLOCKS = YES;
				GCC_WARN_64_TO_32_BIT_CONVERSION = YES;
				GCC_WARN_ABOUT_RETURN_TYPE = YES_ERROR;
				GCC_WARN_UNDECLARED_SELECTOR = YES;
				GCC_WARN_UNINITIALIZED_AUTOS = YES_AGGRESSIVE;
				GCC_WARN_UNUSED_FUNCTION = YES;
				GCC_WARN_UNUSED_VARIABLE = YES;
				IPHONEOS_DEPLOYMENT_TARGET = 13.2;
				MTL_ENABLE_DEBUG_INFO = NO;
				MTL_FAST_MATH = YES;
				SDKROOT = iphoneos;
				VALIDATE_PRODUCT = YES;
			};
			name = Release;
		};
		C45C989524E4F56B00927C01 /* Debug */ = {
			isa = XCBuildConfiguration;
			baseConfigurationReference = 560E4837F5AFEC63123F65BC /* Pods-MoudleFirst.debug.xcconfig */;
			buildSettings = {
				ASSETCATALOG_COMPILER_APPICON_NAME = AppIcon;
				CODE_SIGN_STYLE = Automatic;
				DEFINES_MODULE = YES;
				INFOPLIST_FILE = MoudleFirst/Info.plist;
				LD_RUNPATH_SEARCH_PATHS = (
					"$(inherited)",
					"@executable_path/Frameworks",
				);
				PRODUCT_BUNDLE_IDENTIFIER = com.caolong.MoudleFirst;
				PRODUCT_NAME = "$(TARGET_NAME)";
				TARGETED_DEVICE_FAMILY = "1,2";
			};
			name = Debug;
		};
		C45C989624E4F56B00927C01 /* Release */ = {
			isa = XCBuildConfiguration;
			baseConfigurationReference = AE55D522345E4C39AE5AEDA9 /* Pods-MoudleFirst.release.xcconfig */;
			buildSettings = {
				ASSETCATALOG_COMPILER_APPICON_NAME = AppIcon;
				CODE_SIGN_STYLE = Automatic;
				DEFINES_MODULE = YES;
				INFOPLIST_FILE = MoudleFirst/Info.plist;
				LD_RUNPATH_SEARCH_PATHS = (
					"$(inherited)",
					"@executable_path/Frameworks",
				);
				PRODUCT_BUNDLE_IDENTIFIER = com.caolong.MoudleFirst;
				PRODUCT_NAME = "$(TARGET_NAME)";
				TARGETED_DEVICE_FAMILY = "1,2";
			};
			name = Release;
		};
/* End XCBuildConfiguration section */

/* Begin XCConfigurationList section */
		C45C987624E4F56900927C01 /* Build configuration list for PBXProject "MoudleFirst" */ = {
			isa = XCConfigurationList;
			buildConfigurations = (
				C45C989224E4F56B00927C01 /* Debug */,
				C45C989324E4F56B00927C01 /* Release */,
			);
			defaultConfigurationIsVisible = 0;
			defaultConfigurationName = Release;
		};
		C45C989424E4F56B00927C01 /* Build configuration list for PBXNativeTarget "MoudleFirst" */ = {
			isa = XCConfigurationList;
			buildConfigurations = (
				C45C989524E4F56B00927C01 /* Debug */,
				C45C989624E4F56B00927C01 /* Release */,
			);
			defaultConfigurationIsVisible = 0;
			defaultConfigurationName = Release;
		};
/* End XCConfigurationList section */
	};
	rootObject = C45C987324E4F56900927C01 /* Project object */;
}
